
Microsoft Visual Studio Solution File, Format Version 12.00
# Visual Studio 2012
Project("{FAE04EC0-301F-11D3-BF4B-00C04F79EFBC}") = "swot.WebUI", "swot\swot.WebUI.csproj", "{07CD80F6-CF32-4F94-A9F7-E185779C7738}"
EndProject
Project("{FAE04EC0-301F-11D3-BF4B-00C04F79EFBC}") = "swotTest", "swotTest\swotTest.csproj", "{992A1770-2C25-46CB-96A6-C4DAAA7E00A1}"
EndProject
Project("{FAE04EC0-301F-11D3-BF4B-00C04F79EFBC}") = "swot.Domain", "swot.Domain\swot.Domain.csproj", "{F4A4E0F8-7CF5-442C-975D-41346851E0F5}"
EndProject
Global
	GlobalSection(SolutionConfigurationPlatforms) = preSolution
		Debug|Any CPU = Debug|Any CPU
		Release|Any CPU = Release|Any CPU
	EndGlobalSection
	GlobalSection(ProjectConfigurationPlatforms) = postSolution
		{07CD80F6-CF32-4F94-A9F7-E185779C7738}.Debug|Any CPU.ActiveCfg = Debug|Any CPU
		{07CD80F6-CF32-4F94-A9F7-E185779C7738}.Debug|Any CPU.Build.0 = Debug|Any CPU
		{07CD80F6-CF32-4F94-A9F7-E185779C7738}.Release|Any CPU.ActiveCfg = Release|Any CPU
		{07CD80F6-CF32-4F94-A9F7-E185779C7738}.Release|Any CPU.Build.0 = Release|Any CPU
		{992A1770-2C25-46CB-96A6-C4DAAA7E00A1}.Debug|Any CPU.ActiveCfg = Debug|Any CPU
		{992A1770-2C25-46CB-96A6-C4DAAA7E00A1}.Debug|Any CPU.Build.0 = Debug|Any CPU
		{992A1770-2C25-46CB-96A6-C4DAAA7E00A1}.Release|Any CPU.ActiveCfg = Release|Any CPU
		{992A1770-2C25-46CB-96A6-C4DAAA7E00A1}.Release|Any CPU.Build.0 = Release|Any CPU
		{F4A4E0F8-7CF5-442C-975D-41346851E0F5}.Debug|Any CPU.ActiveCfg = Debug|Any CPU
		{F4A4E0F8-7CF5-442C-975D-41346851E0F5}.Debug|Any CPU.Build.0 = Debug|Any CPU
		{F4A4E0F8-7CF5-442C-975D-41346851E0F5}.Release|Any CPU.ActiveCfg = Release|Any CPU
		{F4A4E0F8-7CF5-442C-975D-41346851E0F5}.Release|Any CPU.Build.0 = Release|Any CPU
	EndGlobalSection
	GlobalSection(SolutionProperties) = preSolution
		HideSolutionNode = FALSE
	EndGlobalSection
EndGlobal
